// !$*UTF8*$!
{
	archiveVersion = 1;
	classes = {
	};
	objectVersion = 46;
	objects = {

/* Begin PBXBuildFile section */
		720CE24119110BE900D1FA43 /* CJSONDeserializer.m in Sources */ = {isa = PBXBuildFile; fileRef = 720CE23B19110BE900D1FA43 /* CJSONDeserializer.m */; };
		720CE24219110BE900D1FA43 /* CJSONSerializer.m in Sources */ = {isa = PBXBuildFile; fileRef = 720CE23D19110BE900D1FA43 /* CJSONSerializer.m */; };
		720CE24319110BE900D1FA43 /* NSDictionary_JSONExtensions.m in Sources */ = {isa = PBXBuildFile; fileRef = 720CE24019110BE900D1FA43 /* NSDictionary_JSONExtensions.m */; };
		720CE24519110C0A00D1FA43 /* README.txt in Resources */ = {isa = PBXBuildFile; fileRef = 720CE24419110C0A00D1FA43 /* README.txt */; };
		720CE24919112BA900D1FA43 /* player2_dot.png in Resources */ = {isa = PBXBuildFile; fileRef = 720CE24819112BA900D1FA43 /* player2_dot.png */; };
		720CE24C1923BC0F00D1FA43 /* OnePLocationRunViewController.m.old in Sources */ = {isa = PBXBuildFile; fileRef = 720CE24B1923BC0F00D1FA43 /* OnePLocationRunViewController.m.old */; };
		7215A81A19FA77B20041751B /* RunScreenContainerRightViewController.swift in Sources */ = {isa = PBXBuildFile; fileRef = 7215A81919FA77B20041751B /* RunScreenContainerRightViewController.swift */; };
		7215A81F19FAB69C0041751B /* RunScreenContainerLeftViewController.swift in Sources */ = {isa = PBXBuildFile; fileRef = 7215A81E19FAB69C0041751B /* RunScreenContainerLeftViewController.swift */; };
		721AF6C519755AB20084E0D1 /* Run.swift in Sources */ = {isa = PBXBuildFile; fileRef = 721AF6C419755AB20084E0D1 /* Run.swift */; };
		721AF6C9197569600084E0D1 /* RunSelectorViewControllerSwift.swift in Sources */ = {isa = PBXBuildFile; fileRef = 721AF6C8197569600084E0D1 /* RunSelectorViewControllerSwift.swift */; };
		721AF6CB19757A750084E0D1 /* RunSelectorItemView.swift in Sources */ = {isa = PBXBuildFile; fileRef = 721AF6CA19757A750084E0D1 /* RunSelectorItemView.swift */; };
		7224EEDE19F57E98005E701E /* RunScreenContainerViewController.swift in Sources */ = {isa = PBXBuildFile; fileRef = 7224EEDD19F57E98005E701E /* RunScreenContainerViewController.swift */; };
		72302C631A7034BD007980FE /* medal_none.png in Resources */ = {isa = PBXBuildFile; fileRef = 72302C621A7034BD007980FE /* medal_none.png */; };
		723A50F919CC6B5F00B443BF /* MissionDVViewController.swift in Sources */ = {isa = PBXBuildFile; fileRef = 723A50F819CC6B5F00B443BF /* MissionDVViewController.swift */; };
		7242528A1A0CFECE00E99033 /* orange_pin@2x.png in Resources */ = {isa = PBXBuildFile; fileRef = 724252881A0CFECE00E99033 /* orange_pin@2x.png */; };
		7242528B1A0CFECE00E99033 /* orange_pin.png in Resources */ = {isa = PBXBuildFile; fileRef = 724252891A0CFECE00E99033 /* orange_pin.png */; };
		724252901A0D035100E99033 /* green_pin.png in Resources */ = {isa = PBXBuildFile; fileRef = 7242528C1A0D035100E99033 /* green_pin.png */; };
		724252911A0D035100E99033 /* green_pin@2x.png in Resources */ = {isa = PBXBuildFile; fileRef = 7242528D1A0D035100E99033 /* green_pin@2x.png */; };
		724252921A0D035100E99033 /* home_pin.png in Resources */ = {isa = PBXBuildFile; fileRef = 7242528E1A0D035100E99033 /* home_pin.png */; };
		724252931A0D035100E99033 /* home_pin@2x.png in Resources */ = {isa = PBXBuildFile; fileRef = 7242528F1A0D035100E99033 /* home_pin@2x.png */; };
		7244D509197BF6390034D91F /* DetailViewViewControllerSwift.swift in Sources */ = {isa = PBXBuildFile; fileRef = 7244D508197BF6390034D91F /* DetailViewViewControllerSwift.swift */; };
		7244D50B197BF6700034D91F /* DemoSelectorViewControllerSwift.swift in Sources */ = {isa = PBXBuildFile; fileRef = 7244D50A197BF6700034D91F /* DemoSelectorViewControllerSwift.swift */; };
		7244D50D197BF6860034D91F /* OnePLocationRunViewControllerSwift.swift in Sources */ = {isa = PBXBuildFile; fileRef = 7244D50C197BF6860034D91F /* OnePLocationRunViewControllerSwift.swift */; };
		7244D50F197BF6D10034D91F /* RunFinishedSummaryViewControllerSwift.swift in Sources */ = {isa = PBXBuildFile; fileRef = 7244D50E197BF6D10034D91F /* RunFinishedSummaryViewControllerSwift.swift */; };
		7244D511197BF74C0034D91F /* HistoryTableViewControllerSwift.swift in Sources */ = {isa = PBXBuildFile; fileRef = 7244D510197BF74C0034D91F /* HistoryTableViewControllerSwift.swift */; };
		7275AE491902BD8C00D81950 /* README_SWRVC.txt in Resources */ = {isa = PBXBuildFile; fileRef = 7275AE481902BD8C00D81950 /* README_SWRVC.txt */; };
		7275AE521902DDFB00D81950 /* reveal-icon.png in Resources */ = {isa = PBXBuildFile; fileRef = 7275AE501902DDFB00D81950 /* reveal-icon.png */; };
		7275AE531902DDFB00D81950 /* reveal-icon@2x.png in Resources */ = {isa = PBXBuildFile; fileRef = 7275AE511902DDFB00D81950 /* reveal-icon@2x.png */; };
		727B155B1A693BF200701A22 /* separatorLine.png in Resources */ = {isa = PBXBuildFile; fileRef = 727B15591A693BF200701A22 /* separatorLine.png */; };
		727B155C1A693BF200701A22 /* separatorLine@2.png in Resources */ = {isa = PBXBuildFile; fileRef = 727B155A1A693BF200701A22 /* separatorLine@2.png */; };
		729FE79F1A600BCB00833747 /* RunScreenContainerIntervalViewController.swift in Sources */ = {isa = PBXBuildFile; fileRef = 729FE79E1A600BCB00833747 /* RunScreenContainerIntervalViewController.swift */; };
		72A4008F18F4512600D739B3 /* libsqlite3.dylib in Frameworks */ = {isa = PBXBuildFile; fileRef = 72A4008E18F4512600D739B3 /* libsqlite3.dylib */; };
		72A5816E1A1D0CA700FC6926 /* String-Extras.swift in Sources */ = {isa = PBXBuildFile; fileRef = 72A5816D1A1D0CA700FC6926 /* String-Extras.swift */; };
		72A67F431A288E80009DCA77 /* modalMedalViewController.swift in Sources */ = {isa = PBXBuildFile; fileRef = 72A67F421A288E80009DCA77 /* modalMedalViewController.swift */; };
		72A67F4B1A28A590009DCA77 /* modalLeagueViewController.swift in Sources */ = {isa = PBXBuildFile; fileRef = 72A67F4A1A28A590009DCA77 /* modalLeagueViewController.swift */; };
		72A67F521A28C8CD009DCA77 /* medal_bronze.png in Resources */ = {isa = PBXBuildFile; fileRef = 72A67F4E1A28C8CD009DCA77 /* medal_bronze.png */; };
		72A67F531A28C8CD009DCA77 /* medal_silver.png in Resources */ = {isa = PBXBuildFile; fileRef = 72A67F4F1A28C8CD009DCA77 /* medal_silver.png */; };
		72A67F541A28C8CD009DCA77 /* lock.png in Resources */ = {isa = PBXBuildFile; fileRef = 72A67F501A28C8CD009DCA77 /* lock.png */; };
		72A67F551A28C8CD009DCA77 /* medal_gold.png in Resources */ = {isa = PBXBuildFile; fileRef = 72A67F511A28C8CD009DCA77 /* medal_gold.png */; };
		72A79B7D19813BD80054ADC0 /* RunScreenViewController.swift in Sources */ = {isa = PBXBuildFile; fileRef = 72A79B7C19813BD80054ADC0 /* RunScreenViewController.swift */; };
		72A7C6A818D87AF4007FF58B /* Foundation.framework in Frameworks */ = {isa = PBXBuildFile; fileRef = 72A7C6A718D87AF4007FF58B /* Foundation.framework */; };
		72A7C6AA18D87AF4007FF58B /* CoreGraphics.framework in Frameworks */ = {isa = PBXBuildFile; fileRef = 72A7C6A918D87AF4007FF58B /* CoreGraphics.framework */; };
		72A7C6AC18D87AF4007FF58B /* UIKit.framework in Frameworks */ = {isa = PBXBuildFile; fileRef = 72A7C6AB18D87AF4007FF58B /* UIKit.framework */; };
		72A7C6B218D87AF4007FF58B /* InfoPlist.strings in Resources */ = {isa = PBXBuildFile; fileRef = 72A7C6B018D87AF4007FF58B /* InfoPlist.strings */; };
		72A7C6BA18D87AF4007FF58B /* Images.xcassets in Resources */ = {isa = PBXBuildFile; fileRef = 72A7C6B918D87AF4007FF58B /* Images.xcassets */; };
		72A7C6C118D87AF4007FF58B /* XCTest.framework in Frameworks */ = {isa = PBXBuildFile; fileRef = 72A7C6C018D87AF4007FF58B /* XCTest.framework */; };
		72A7C6C218D87AF4007FF58B /* Foundation.framework in Frameworks */ = {isa = PBXBuildFile; fileRef = 72A7C6A718D87AF4007FF58B /* Foundation.framework */; };
		72A7C6C318D87AF4007FF58B /* UIKit.framework in Frameworks */ = {isa = PBXBuildFile; fileRef = 72A7C6AB18D87AF4007FF58B /* UIKit.framework */; };
		72A7C6CB18D87AF4007FF58B /* InfoPlist.strings in Resources */ = {isa = PBXBuildFile; fileRef = 72A7C6C918D87AF4007FF58B /* InfoPlist.strings */; };
		72A7C6CD18D87AF4007FF58B /* EpicRunnerTests.m in Sources */ = {isa = PBXBuildFile; fileRef = 72A7C6CC18D87AF4007FF58B /* EpicRunnerTests.m */; };
		72A7C6D718D87EE8007FF58B /* Main.storyboard in Resources */ = {isa = PBXBuildFile; fileRef = 72A7C6D618D87EE8007FF58B /* Main.storyboard */; };
		72A7C6D918D8813C007FF58B /* MapKit.framework in Frameworks */ = {isa = PBXBuildFile; fileRef = 72A7C6D818D8813C007FF58B /* MapKit.framework */; };
		72AA3A3419D9C9E300179DA8 /* HelperFunctions.swift in Sources */ = {isa = PBXBuildFile; fileRef = 72AA3A3319D9C9E300179DA8 /* HelperFunctions.swift */; };
		72B4FCE51906F4D2002AE72C /* sample-3d-model.jpg in Resources */ = {isa = PBXBuildFile; fileRef = 72B4FCE41906F4D2002AE72C /* sample-3d-model.jpg */; };
		72B4FCEA1906FA1E002AE72C /* 213423__taira-komori__coin05.mp3 in Resources */ = {isa = PBXBuildFile; fileRef = 72B4FCE91906FA1E002AE72C /* 213423__taira-komori__coin05.mp3 */; };
		72B4FCEC1906FBED002AE72C /* AVFoundation.framework in Frameworks */ = {isa = PBXBuildFile; fileRef = 72B4FCEB1906FBED002AE72C /* AVFoundation.framework */; };
		72BD3D3C19E7FECC00AEAC11 /* GenerateRunViewController.swift in Sources */ = {isa = PBXBuildFile; fileRef = 72BD3D3B19E7FECC00AEAC11 /* GenerateRunViewController.swift */; };
		72CD37BA19C7676C0049AD4E /* MenuViewController.m in Sources */ = {isa = PBXBuildFile; fileRef = 72CD37B919C7676C0049AD4E /* MenuViewController.m */; };
		72CD37BD19C768520049AD4E /* SWRevealViewController.m in Sources */ = {isa = PBXBuildFile; fileRef = 72CD37BC19C768520049AD4E /* SWRevealViewController.m */; };
		72DF2438197AED7800F9A96B /* MenuViewController.swift in Sources */ = {isa = PBXBuildFile; fileRef = 72DF2437197AED7800F9A96B /* MenuViewController.swift */; };
		72DF243A197BC45B00F9A96B /* MainScreenViewController.swift in Sources */ = {isa = PBXBuildFile; fileRef = 72DF2439197BC45B00F9A96B /* MainScreenViewController.swift */; };
		72DF246B197BC7C400F9A96B /* AppDelegate.swift in Sources */ = {isa = PBXBuildFile; fileRef = 72DF246A197BC7C400F9A96B /* AppDelegate.swift */; };
		72DF246E197BCAE600F9A96B /* README_SQLiteDB.txt in Resources */ = {isa = PBXBuildFile; fileRef = 72DF246D197BCAE600F9A96B /* README_SQLiteDB.txt */; };
		72DF2470197BCB4B00F9A96B /* SQLiteDB.old.swift.h.old in Sources */ = {isa = PBXBuildFile; fileRef = 72DF246F197BCB4B00F9A96B /* SQLiteDB.old.swift.h.old */; };
		72E328661A161C5E0075E2DC /* SQLiteDB.swift in Sources */ = {isa = PBXBuildFile; fileRef = 72E328651A161C5E0075E2DC /* SQLiteDB.swift */; };
		72F1EBF419BE0CC800DB0DE1 /* LoginViewController.swift in Sources */ = {isa = PBXBuildFile; fileRef = 72F1EBF319BE0CC800DB0DE1 /* LoginViewController.swift */; };
		72F1EBF619BE1D1600DB0DE1 /* SignUpViewController.swift in Sources */ = {isa = PBXBuildFile; fileRef = 72F1EBF519BE1D1600DB0DE1 /* SignUpViewController.swift */; };
/* End PBXBuildFile section */

/* Begin PBXContainerItemProxy section */
		721AF6BF197466930084E0D1 /* PBXContainerItemProxy */ = {
			isa = PBXContainerItemProxy;
			containerPortal = 72A7C69C18D87AF4007FF58B /* Project object */;
			proxyType = 1;
			remoteGlobalIDString = 72A7C6A318D87AF4007FF58B;
			remoteInfo = EpicRunner;
		};
		721AF6C1197466930084E0D1 /* PBXContainerItemProxy */ = {
			isa = PBXContainerItemProxy;
			containerPortal = 72A7C69C18D87AF4007FF58B /* Project object */;
			proxyType = 1;
			remoteGlobalIDString = 72A7C6A318D87AF4007FF58B;
			remoteInfo = EpicRunner;
		};
		72A7C6C418D87AF4007FF58B /* PBXContainerItemProxy */ = {
			isa = PBXContainerItemProxy;
			containerPortal = 72A7C69C18D87AF4007FF58B /* Project object */;
			proxyType = 1;
			remoteGlobalIDString = 72A7C6A318D87AF4007FF58B;
			remoteInfo = EpicRunner;
		};
/* End PBXContainerItemProxy section */

/* Begin PBXFileReference section */
		720CE23A19110BE900D1FA43 /* CJSONDeserializer.h */ = {isa = PBXFileReference; fileEncoding = 4; lastKnownFileType = sourcecode.c.h; path = CJSONDeserializer.h; sourceTree = "<group>"; };
		720CE23B19110BE900D1FA43 /* CJSONDeserializer.m */ = {isa = PBXFileReference; fileEncoding = 4; lastKnownFileType = sourcecode.c.objc; path = CJSONDeserializer.m; sourceTree = "<group>"; };
		720CE23C19110BE900D1FA43 /* CJSONSerializer.h */ = {isa = PBXFileReference; fileEncoding = 4; lastKnownFileType = sourcecode.c.h; path = CJSONSerializer.h; sourceTree = "<group>"; };
		720CE23D19110BE900D1FA43 /* CJSONSerializer.m */ = {isa = PBXFileReference; fileEncoding = 4; lastKnownFileType = sourcecode.c.objc; path = CJSONSerializer.m; sourceTree = "<group>"; };
		720CE23E19110BE900D1FA43 /* JSONRepresentation.h */ = {isa = PBXFileReference; fileEncoding = 4; lastKnownFileType = sourcecode.c.h; path = JSONRepresentation.h; sourceTree = "<group>"; };
		720CE23F19110BE900D1FA43 /* NSDictionary_JSONExtensions.h */ = {isa = PBXFileReference; fileEncoding = 4; lastKnownFileType = sourcecode.c.h; path = NSDictionary_JSONExtensions.h; sourceTree = "<group>"; };
		720CE24019110BE900D1FA43 /* NSDictionary_JSONExtensions.m */ = {isa = PBXFileReference; fileEncoding = 4; lastKnownFileType = sourcecode.c.objc; path = NSDictionary_JSONExtensions.m; sourceTree = "<group>"; };
		720CE24419110C0A00D1FA43 /* README.txt */ = {isa = PBXFileReference; fileEncoding = 4; lastKnownFileType = text; path = README.txt; sourceTree = "<group>"; };
		720CE24819112BA900D1FA43 /* player2_dot.png */ = {isa = PBXFileReference; lastKnownFileType = image.png; path = player2_dot.png; sourceTree = "<group>"; };
		720CE24A1923BC0F00D1FA43 /* OnePLocationRunViewController.h.old */ = {isa = PBXFileReference; fileEncoding = 4; lastKnownFileType = text; path = OnePLocationRunViewController.h.old; sourceTree = "<group>"; };
		720CE24B1923BC0F00D1FA43 /* OnePLocationRunViewController.m.old */ = {isa = PBXFileReference; fileEncoding = 4; lastKnownFileType = text; path = OnePLocationRunViewController.m.old; sourceTree = "<group>"; };
		7215A81919FA77B20041751B /* RunScreenContainerRightViewController.swift */ = {isa = PBXFileReference; fileEncoding = 4; lastKnownFileType = sourcecode.swift; path = RunScreenContainerRightViewController.swift; sourceTree = "<group>"; };
		7215A81E19FAB69C0041751B /* RunScreenContainerLeftViewController.swift */ = {isa = PBXFileReference; fileEncoding = 4; lastKnownFileType = sourcecode.swift; path = RunScreenContainerLeftViewController.swift; sourceTree = "<group>"; };
		721AF6C319755AB20084E0D1 /* EpicRunner-Bridging-Header.h */ = {isa = PBXFileReference; lastKnownFileType = sourcecode.c.h; path = "EpicRunner-Bridging-Header.h"; sourceTree = "<group>"; };
		721AF6C419755AB20084E0D1 /* Run.swift */ = {isa = PBXFileReference; fileEncoding = 4; lastKnownFileType = sourcecode.swift; path = Run.swift; sourceTree = "<group>"; };
		721AF6C8197569600084E0D1 /* RunSelectorViewControllerSwift.swift */ = {isa = PBXFileReference; fileEncoding = 4; lastKnownFileType = sourcecode.swift; path = RunSelectorViewControllerSwift.swift; sourceTree = "<group>"; };
		721AF6CA19757A750084E0D1 /* RunSelectorItemView.swift */ = {isa = PBXFileReference; fileEncoding = 4; lastKnownFileType = sourcecode.swift; path = RunSelectorItemView.swift; sourceTree = "<group>"; };
		7224EEDD19F57E98005E701E /* RunScreenContainerViewController.swift */ = {isa = PBXFileReference; fileEncoding = 4; lastKnownFileType = sourcecode.swift; path = RunScreenContainerViewController.swift; sourceTree = "<group>"; };
		72302C621A7034BD007980FE /* medal_none.png */ = {isa = PBXFileReference; lastKnownFileType = image.png; path = medal_none.png; sourceTree = "<group>"; };
		723A50F819CC6B5F00B443BF /* MissionDVViewController.swift */ = {isa = PBXFileReference; fileEncoding = 4; lastKnownFileType = sourcecode.swift; path = MissionDVViewController.swift; sourceTree = "<group>"; };
		724252881A0CFECE00E99033 /* orange_pin@2x.png */ = {isa = PBXFileReference; lastKnownFileType = image.png; path = "orange_pin@2x.png"; sourceTree = "<group>"; };
		724252891A0CFECE00E99033 /* orange_pin.png */ = {isa = PBXFileReference; lastKnownFileType = image.png; path = orange_pin.png; sourceTree = "<group>"; };
		7242528C1A0D035100E99033 /* green_pin.png */ = {isa = PBXFileReference; lastKnownFileType = image.png; path = green_pin.png; sourceTree = "<group>"; };
		7242528D1A0D035100E99033 /* green_pin@2x.png */ = {isa = PBXFileReference; lastKnownFileType = image.png; path = "green_pin@2x.png"; sourceTree = "<group>"; };
		7242528E1A0D035100E99033 /* home_pin.png */ = {isa = PBXFileReference; lastKnownFileType = image.png; path = home_pin.png; sourceTree = "<group>"; };
		7242528F1A0D035100E99033 /* home_pin@2x.png */ = {isa = PBXFileReference; lastKnownFileType = image.png; path = "home_pin@2x.png"; sourceTree = "<group>"; };
		7244D508197BF6390034D91F /* DetailViewViewControllerSwift.swift */ = {isa = PBXFileReference; fileEncoding = 4; lastKnownFileType = sourcecode.swift; path = DetailViewViewControllerSwift.swift; sourceTree = "<group>"; };
		7244D50A197BF6700034D91F /* DemoSelectorViewControllerSwift.swift */ = {isa = PBXFileReference; fileEncoding = 4; lastKnownFileType = sourcecode.swift; path = DemoSelectorViewControllerSwift.swift; sourceTree = "<group>"; };
		7244D50C197BF6860034D91F /* OnePLocationRunViewControllerSwift.swift */ = {isa = PBXFileReference; fileEncoding = 4; lastKnownFileType = sourcecode.swift; path = OnePLocationRunViewControllerSwift.swift; sourceTree = "<group>"; };
		7244D50E197BF6D10034D91F /* RunFinishedSummaryViewControllerSwift.swift */ = {isa = PBXFileReference; fileEncoding = 4; lastKnownFileType = sourcecode.swift; path = RunFinishedSummaryViewControllerSwift.swift; sourceTree = "<group>"; };
		7244D510197BF74C0034D91F /* HistoryTableViewControllerSwift.swift */ = {isa = PBXFileReference; fileEncoding = 4; lastKnownFileType = sourcecode.swift; name = HistoryTableViewControllerSwift.swift; path = ../HistoryTableViewControllerSwift.swift; sourceTree = "<group>"; };
		7275AE481902BD8C00D81950 /* README_SWRVC.txt */ = {isa = PBXFileReference; fileEncoding = 4; lastKnownFileType = text; path = README_SWRVC.txt; sourceTree = "<group>"; };
		7275AE501902DDFB00D81950 /* reveal-icon.png */ = {isa = PBXFileReference; lastKnownFileType = image.png; path = "reveal-icon.png"; sourceTree = "<group>"; };
		7275AE511902DDFB00D81950 /* reveal-icon@2x.png */ = {isa = PBXFileReference; lastKnownFileType = image.png; path = "reveal-icon@2x.png"; sourceTree = "<group>"; };
		727B15591A693BF200701A22 /* separatorLine.png */ = {isa = PBXFileReference; lastKnownFileType = image.png; path = separatorLine.png; sourceTree = "<group>"; };
		727B155A1A693BF200701A22 /* separatorLine@2.png */ = {isa = PBXFileReference; lastKnownFileType = image.png; path = "separatorLine@2.png"; sourceTree = "<group>"; };
		729FE79E1A600BCB00833747 /* RunScreenContainerIntervalViewController.swift */ = {isa = PBXFileReference; fileEncoding = 4; lastKnownFileType = sourcecode.swift; path = RunScreenContainerIntervalViewController.swift; sourceTree = "<group>"; };
		72A4008E18F4512600D739B3 /* libsqlite3.dylib */ = {isa = PBXFileReference; lastKnownFileType = "compiled.mach-o.dylib"; name = libsqlite3.dylib; path = usr/lib/libsqlite3.dylib; sourceTree = SDKROOT; };
		72A5816D1A1D0CA700FC6926 /* String-Extras.swift */ = {isa = PBXFileReference; fileEncoding = 4; lastKnownFileType = sourcecode.swift; path = "String-Extras.swift"; sourceTree = "<group>"; };
		72A67F421A288E80009DCA77 /* modalMedalViewController.swift */ = {isa = PBXFileReference; fileEncoding = 4; lastKnownFileType = sourcecode.swift; path = modalMedalViewController.swift; sourceTree = "<group>"; };
		72A67F4A1A28A590009DCA77 /* modalLeagueViewController.swift */ = {isa = PBXFileReference; fileEncoding = 4; lastKnownFileType = sourcecode.swift; path = modalLeagueViewController.swift; sourceTree = "<group>"; };
		72A67F4E1A28C8CD009DCA77 /* medal_bronze.png */ = {isa = PBXFileReference; lastKnownFileType = image.png; path = medal_bronze.png; sourceTree = "<group>"; };
		72A67F4F1A28C8CD009DCA77 /* medal_silver.png */ = {isa = PBXFileReference; lastKnownFileType = image.png; path = medal_silver.png; sourceTree = "<group>"; };
		72A67F501A28C8CD009DCA77 /* lock.png */ = {isa = PBXFileReference; lastKnownFileType = image.png; path = lock.png; sourceTree = "<group>"; };
		72A67F511A28C8CD009DCA77 /* medal_gold.png */ = {isa = PBXFileReference; lastKnownFileType = image.png; path = medal_gold.png; sourceTree = "<group>"; };
		72A79B7C19813BD80054ADC0 /* RunScreenViewController.swift */ = {isa = PBXFileReference; fileEncoding = 4; lastKnownFileType = sourcecode.swift; path = RunScreenViewController.swift; sourceTree = "<group>"; };
		72A7C6A418D87AF4007FF58B /* EpicRunner.app */ = {isa = PBXFileReference; explicitFileType = wrapper.application; includeInIndex = 0; path = EpicRunner.app; sourceTree = BUILT_PRODUCTS_DIR; };
		72A7C6A718D87AF4007FF58B /* Foundation.framework */ = {isa = PBXFileReference; lastKnownFileType = wrapper.framework; name = Foundation.framework; path = System/Library/Frameworks/Foundation.framework; sourceTree = SDKROOT; };
		72A7C6A918D87AF4007FF58B /* CoreGraphics.framework */ = {isa = PBXFileReference; lastKnownFileType = wrapper.framework; name = CoreGraphics.framework; path = System/Library/Frameworks/CoreGraphics.framework; sourceTree = SDKROOT; };
		72A7C6AB18D87AF4007FF58B /* UIKit.framework */ = {isa = PBXFileReference; lastKnownFileType = wrapper.framework; name = UIKit.framework; path = System/Library/Frameworks/UIKit.framework; sourceTree = SDKROOT; };
		72A7C6AF18D87AF4007FF58B /* EpicRunner-Info.plist */ = {isa = PBXFileReference; lastKnownFileType = text.plist.xml; path = "EpicRunner-Info.plist"; sourceTree = "<group>"; };
		72A7C6B118D87AF4007FF58B /* en */ = {isa = PBXFileReference; lastKnownFileType = text.plist.strings; name = en; path = en.lproj/InfoPlist.strings; sourceTree = "<group>"; };
		72A7C6B518D87AF4007FF58B /* EpicRunner-Prefix.pch */ = {isa = PBXFileReference; lastKnownFileType = sourcecode.c.h; path = "EpicRunner-Prefix.pch"; sourceTree = "<group>"; };
		72A7C6B918D87AF4007FF58B /* Images.xcassets */ = {isa = PBXFileReference; lastKnownFileType = folder.assetcatalog; path = Images.xcassets; sourceTree = "<group>"; };
		72A7C6BF18D87AF4007FF58B /* EpicRunnerTests.xctest */ = {isa = PBXFileReference; explicitFileType = wrapper.cfbundle; includeInIndex = 0; path = EpicRunnerTests.xctest; sourceTree = BUILT_PRODUCTS_DIR; };
		72A7C6C018D87AF4007FF58B /* XCTest.framework */ = {isa = PBXFileReference; lastKnownFileType = wrapper.framework; name = XCTest.framework; path = Library/Frameworks/XCTest.framework; sourceTree = DEVELOPER_DIR; };
		72A7C6C818D87AF4007FF58B /* EpicRunnerTests-Info.plist */ = {isa = PBXFileReference; lastKnownFileType = text.plist.xml; path = "EpicRunnerTests-Info.plist"; sourceTree = "<group>"; };
		72A7C6CA18D87AF4007FF58B /* en */ = {isa = PBXFileReference; lastKnownFileType = text.plist.strings; name = en; path = en.lproj/InfoPlist.strings; sourceTree = "<group>"; };
		72A7C6CC18D87AF4007FF58B /* EpicRunnerTests.m */ = {isa = PBXFileReference; lastKnownFileType = sourcecode.c.objc; path = EpicRunnerTests.m; sourceTree = "<group>"; };
		72A7C6D618D87EE8007FF58B /* Main.storyboard */ = {isa = PBXFileReference; fileEncoding = 4; lastKnownFileType = file.storyboard; path = Main.storyboard; sourceTree = "<group>"; };
		72A7C6D818D8813C007FF58B /* MapKit.framework */ = {isa = PBXFileReference; lastKnownFileType = wrapper.framework; name = MapKit.framework; path = System/Library/Frameworks/MapKit.framework; sourceTree = SDKROOT; };
		72AA3A3319D9C9E300179DA8 /* HelperFunctions.swift */ = {isa = PBXFileReference; fileEncoding = 4; lastKnownFileType = sourcecode.swift; path = HelperFunctions.swift; sourceTree = "<group>"; };
		72B4FCE41906F4D2002AE72C /* sample-3d-model.jpg */ = {isa = PBXFileReference; lastKnownFileType = image.jpeg; path = "sample-3d-model.jpg"; sourceTree = "<group>"; };
		72B4FCE91906FA1E002AE72C /* 213423__taira-komori__coin05.mp3 */ = {isa = PBXFileReference; lastKnownFileType = audio.mp3; path = "213423__taira-komori__coin05.mp3"; sourceTree = "<group>"; };
		72B4FCEB1906FBED002AE72C /* AVFoundation.framework */ = {isa = PBXFileReference; lastKnownFileType = wrapper.framework; name = AVFoundation.framework; path = System/Library/Frameworks/AVFoundation.framework; sourceTree = SDKROOT; };
		72BD3D3B19E7FECC00AEAC11 /* GenerateRunViewController.swift */ = {isa = PBXFileReference; fileEncoding = 4; lastKnownFileType = sourcecode.swift; path = GenerateRunViewController.swift; sourceTree = "<group>"; };
		72CD37B819C7676C0049AD4E /* MenuViewController.h */ = {isa = PBXFileReference; fileEncoding = 4; lastKnownFileType = sourcecode.c.h; path = MenuViewController.h; sourceTree = "<group>"; };
		72CD37B919C7676C0049AD4E /* MenuViewController.m */ = {isa = PBXFileReference; fileEncoding = 4; lastKnownFileType = sourcecode.c.objc; path = MenuViewController.m; sourceTree = "<group>"; };
		72CD37BB19C768520049AD4E /* SWRevealViewController.h */ = {isa = PBXFileReference; fileEncoding = 4; lastKnownFileType = sourcecode.c.h; path = SWRevealViewController.h; sourceTree = "<group>"; };
		72CD37BC19C768520049AD4E /* SWRevealViewController.m */ = {isa = PBXFileReference; fileEncoding = 4; lastKnownFileType = sourcecode.c.objc; path = SWRevealViewController.m; sourceTree = "<group>"; };
		72DF2437197AED7800F9A96B /* MenuViewController.swift */ = {isa = PBXFileReference; fileEncoding = 4; lastKnownFileType = sourcecode.swift; path = MenuViewController.swift; sourceTree = "<group>"; };
		72DF2439197BC45B00F9A96B /* MainScreenViewController.swift */ = {isa = PBXFileReference; fileEncoding = 4; lastKnownFileType = sourcecode.swift; path = MainScreenViewController.swift; sourceTree = "<group>"; };
		72DF246A197BC7C400F9A96B /* AppDelegate.swift */ = {isa = PBXFileReference; fileEncoding = 4; lastKnownFileType = sourcecode.swift; path = AppDelegate.swift; sourceTree = "<group>"; };
		72DF246D197BCAE600F9A96B /* README_SQLiteDB.txt */ = {isa = PBXFileReference; fileEncoding = 4; lastKnownFileType = text; path = README_SQLiteDB.txt; sourceTree = "<group>"; };
		72DF246F197BCB4B00F9A96B /* SQLiteDB.old.swift.h.old */ = {isa = PBXFileReference; fileEncoding = 4; lastKnownFileType = text; path = SQLiteDB.old.swift.h.old; sourceTree = "<group>"; };
		72E328651A161C5E0075E2DC /* SQLiteDB.swift */ = {isa = PBXFileReference; fileEncoding = 4; lastKnownFileType = sourcecode.swift; path = SQLiteDB.swift; sourceTree = "<group>"; };
		72F1EBF319BE0CC800DB0DE1 /* LoginViewController.swift */ = {isa = PBXFileReference; fileEncoding = 4; lastKnownFileType = sourcecode.swift; path = LoginViewController.swift; sourceTree = "<group>"; };
		72F1EBF519BE1D1600DB0DE1 /* SignUpViewController.swift */ = {isa = PBXFileReference; fileEncoding = 4; lastKnownFileType = sourcecode.swift; path = SignUpViewController.swift; sourceTree = "<group>"; };
/* End PBXFileReference section */

/* Begin PBXFrameworksBuildPhase section */
		72A7C6A118D87AF4007FF58B /* Frameworks */ = {
			isa = PBXFrameworksBuildPhase;
			buildActionMask = 2147483647;
			files = (
				72B4FCEC1906FBED002AE72C /* AVFoundation.framework in Frameworks */,
				72A4008F18F4512600D739B3 /* libsqlite3.dylib in Frameworks */,
				72A7C6D918D8813C007FF58B /* MapKit.framework in Frameworks */,
				72A7C6AA18D87AF4007FF58B /* CoreGraphics.framework in Frameworks */,
				72A7C6AC18D87AF4007FF58B /* UIKit.framework in Frameworks */,
				72A7C6A818D87AF4007FF58B /* Foundation.framework in Frameworks */,
			);
			runOnlyForDeploymentPostprocessing = 0;
		};
		72A7C6BC18D87AF4007FF58B /* Frameworks */ = {
			isa = PBXFrameworksBuildPhase;
			buildActionMask = 2147483647;
			files = (
				72A7C6C118D87AF4007FF58B /* XCTest.framework in Frameworks */,
				72A7C6C318D87AF4007FF58B /* UIKit.framework in Frameworks */,
				72A7C6C218D87AF4007FF58B /* Foundation.framework in Frameworks */,
			);
			runOnlyForDeploymentPostprocessing = 0;
		};
/* End PBXFrameworksBuildPhase section */

/* Begin PBXGroup section */
		720CE23919110BB700D1FA43 /* TouchJSON */ = {
			isa = PBXGroup;
			children = (
				720CE23A19110BE900D1FA43 /* CJSONDeserializer.h */,
				720CE23B19110BE900D1FA43 /* CJSONDeserializer.m */,
				720CE23C19110BE900D1FA43 /* CJSONSerializer.h */,
				720CE23D19110BE900D1FA43 /* CJSONSerializer.m */,
				720CE23E19110BE900D1FA43 /* JSONRepresentation.h */,
				720CE23F19110BE900D1FA43 /* NSDictionary_JSONExtensions.h */,
				720CE24019110BE900D1FA43 /* NSDictionary_JSONExtensions.m */,
				720CE24419110C0A00D1FA43 /* README.txt */,
			);
			name = TouchJSON;
			sourceTree = "<group>";
		};
		72508DBF18E1C1BF00A2E59C /* Objects */ = {
			isa = PBXGroup;
			children = (
				721AF6C419755AB20084E0D1 /* Run.swift */,
				721AF6CA19757A750084E0D1 /* RunSelectorItemView.swift */,
			);
			name = Objects;
			sourceTree = "<group>";
		};
		7275AE441902BD3E00D81950 /* SWRevealViewController */ = {
			isa = PBXGroup;
			children = (
				72CD37BB19C768520049AD4E /* SWRevealViewController.h */,
				72CD37BC19C768520049AD4E /* SWRevealViewController.m */,
				7275AE481902BD8C00D81950 /* README_SWRVC.txt */,
			);
			path = SWRevealViewController;
			sourceTree = "<group>";
		};
		729FE79D1A60053A00833747 /* RunScreenControllers */ = {
			isa = PBXGroup;
			children = (
				7224EEDD19F57E98005E701E /* RunScreenContainerViewController.swift */,
				7215A81E19FAB69C0041751B /* RunScreenContainerLeftViewController.swift */,
				7215A81919FA77B20041751B /* RunScreenContainerRightViewController.swift */,
				729FE79E1A600BCB00833747 /* RunScreenContainerIntervalViewController.swift */,
			);
			name = RunScreenControllers;
			sourceTree = "<group>";
		};
		72A7C69B18D87AF3007FF58B = {
			isa = PBXGroup;
			children = (
				72A7C6AD18D87AF4007FF58B /* EpicRunner */,
				72A7C6C618D87AF4007FF58B /* EpicRunnerTests */,
				72A7C6A618D87AF4007FF58B /* Frameworks */,
				72A7C6A518D87AF4007FF58B /* Products */,
			);
			sourceTree = "<group>";
		};
		72A7C6A518D87AF4007FF58B /* Products */ = {
			isa = PBXGroup;
			children = (
				72A7C6A418D87AF4007FF58B /* EpicRunner.app */,
				72A7C6BF18D87AF4007FF58B /* EpicRunnerTests.xctest */,
			);
			name = Products;
			sourceTree = "<group>";
		};
		72A7C6A618D87AF4007FF58B /* Frameworks */ = {
			isa = PBXGroup;
			children = (
				72B4FCEB1906FBED002AE72C /* AVFoundation.framework */,
				72A4008E18F4512600D739B3 /* libsqlite3.dylib */,
				72A7C6D818D8813C007FF58B /* MapKit.framework */,
				72A7C6A718D87AF4007FF58B /* Foundation.framework */,
				72A7C6A918D87AF4007FF58B /* CoreGraphics.framework */,
				72A7C6AB18D87AF4007FF58B /* UIKit.framework */,
				72A7C6C018D87AF4007FF58B /* XCTest.framework */,
			);
			name = Frameworks;
			sourceTree = "<group>";
		};
		72A7C6AD18D87AF4007FF58B /* EpicRunner */ = {
			isa = PBXGroup;
			children = (
				72DF246C197BCAB900F9A96B /* SQLiteDB */,
				720CE23919110BB700D1FA43 /* TouchJSON */,
				7275AE441902BD3E00D81950 /* SWRevealViewController */,
				72508DBF18E1C1BF00A2E59C /* Objects */,
				72A7C6DA18D883D5007FF58B /* Controllers */,
				72DF246A197BC7C400F9A96B /* AppDelegate.swift */,
				72A7C6B918D87AF4007FF58B /* Images.xcassets */,
				72A7C6AE18D87AF4007FF58B /* Supporting Files */,
				72A7C6D618D87EE8007FF58B /* Main.storyboard */,
			);
			path = EpicRunner;
			sourceTree = "<group>";
		};
		72A7C6AE18D87AF4007FF58B /* Supporting Files */ = {
			isa = PBXGroup;
			children = (
				72302C621A7034BD007980FE /* medal_none.png */,
				727B15591A693BF200701A22 /* separatorLine.png */,
				727B155A1A693BF200701A22 /* separatorLine@2.png */,
				72A67F4E1A28C8CD009DCA77 /* medal_bronze.png */,
				72A67F4F1A28C8CD009DCA77 /* medal_silver.png */,
				72A67F501A28C8CD009DCA77 /* lock.png */,
				72A67F511A28C8CD009DCA77 /* medal_gold.png */,
				7242528C1A0D035100E99033 /* green_pin.png */,
				7242528D1A0D035100E99033 /* green_pin@2x.png */,
				7242528E1A0D035100E99033 /* home_pin.png */,
				7242528F1A0D035100E99033 /* home_pin@2x.png */,
				724252891A0CFECE00E99033 /* orange_pin.png */,
				724252881A0CFECE00E99033 /* orange_pin@2x.png */,
				721AF6C319755AB20084E0D1 /* EpicRunner-Bridging-Header.h */,
				720CE24819112BA900D1FA43 /* player2_dot.png */,
				72B4FCE41906F4D2002AE72C /* sample-3d-model.jpg */,
				7275AE501902DDFB00D81950 /* reveal-icon.png */,
				7275AE511902DDFB00D81950 /* reveal-icon@2x.png */,
				72B4FCE91906FA1E002AE72C /* 213423__taira-komori__coin05.mp3 */,
				72A7C6AF18D87AF4007FF58B /* EpicRunner-Info.plist */,
				72A7C6B018D87AF4007FF58B /* InfoPlist.strings */,
				72A7C6B518D87AF4007FF58B /* EpicRunner-Prefix.pch */,
				72AA3A3319D9C9E300179DA8 /* HelperFunctions.swift */,
			);
			name = "Supporting Files";
			sourceTree = "<group>";
		};
		72A7C6C618D87AF4007FF58B /* EpicRunnerTests */ = {
			isa = PBXGroup;
			children = (
				72A7C6CC18D87AF4007FF58B /* EpicRunnerTests.m */,
				72A7C6C718D87AF4007FF58B /* Supporting Files */,
			);
			path = EpicRunnerTests;
			sourceTree = "<group>";
		};
		72A7C6C718D87AF4007FF58B /* Supporting Files */ = {
			isa = PBXGroup;
			children = (
				72A7C6C818D87AF4007FF58B /* EpicRunnerTests-Info.plist */,
				72A7C6C918D87AF4007FF58B /* InfoPlist.strings */,
			);
			name = "Supporting Files";
			sourceTree = "<group>";
		};
		72A7C6DA18D883D5007FF58B /* Controllers */ = {
			isa = PBXGroup;
			children = (
				72CD37B819C7676C0049AD4E /* MenuViewController.h */,
				72CD37B919C7676C0049AD4E /* MenuViewController.m */,
				72DF2437197AED7800F9A96B /* MenuViewController.swift */,
				7244D510197BF74C0034D91F /* HistoryTableViewControllerSwift.swift */,
				7244D508197BF6390034D91F /* DetailViewViewControllerSwift.swift */,
				7244D50E197BF6D10034D91F /* RunFinishedSummaryViewControllerSwift.swift */,
				72DF2439197BC45B00F9A96B /* MainScreenViewController.swift */,
				7244D50A197BF6700034D91F /* DemoSelectorViewControllerSwift.swift */,
				720CE24A1923BC0F00D1FA43 /* OnePLocationRunViewController.h.old */,
				720CE24B1923BC0F00D1FA43 /* OnePLocationRunViewController.m.old */,
				7244D50C197BF6860034D91F /* OnePLocationRunViewControllerSwift.swift */,
				72F1EBF319BE0CC800DB0DE1 /* LoginViewController.swift */,
				72F1EBF519BE1D1600DB0DE1 /* SignUpViewController.swift */,
				721AF6C8197569600084E0D1 /* RunSelectorViewControllerSwift.swift */,
				723A50F819CC6B5F00B443BF /* MissionDVViewController.swift */,
				72BD3D3B19E7FECC00AEAC11 /* GenerateRunViewController.swift */,
				72A79B7C19813BD80054ADC0 /* RunScreenViewController.swift */,
				729FE79D1A60053A00833747 /* RunScreenControllers */,
				72A67F421A288E80009DCA77 /* modalMedalViewController.swift */,
				72A67F4A1A28A590009DCA77 /* modalLeagueViewController.swift */,
			);
			name = Controllers;
			sourceTree = "<group>";
		};
		72DF246C197BCAB900F9A96B /* SQLiteDB */ = {
			isa = PBXGroup;
			children = (
				72DF246F197BCB4B00F9A96B /* SQLiteDB.old.swift.h.old */,
				72DF246D197BCAE600F9A96B /* README_SQLiteDB.txt */,
				72E328651A161C5E0075E2DC /* SQLiteDB.swift */,
				72A5816D1A1D0CA700FC6926 /* String-Extras.swift */,
			);
			name = SQLiteDB;
			sourceTree = "<group>";
		};
/* End PBXGroup section */

/* Begin PBXNativeTarget section */
		72A7C6A318D87AF4007FF58B /* EpicRunner */ = {
			isa = PBXNativeTarget;
			buildConfigurationList = 72A7C6D018D87AF4007FF58B /* Build configuration list for PBXNativeTarget "EpicRunner" */;
			buildPhases = (
				72A7C6A018D87AF4007FF58B /* Sources */,
				72A7C6A118D87AF4007FF58B /* Frameworks */,
				72A7C6A218D87AF4007FF58B /* Resources */,
			);
			buildRules = (
			);
			dependencies = (
			);
			name = EpicRunner;
			productName = EpicRunner;
			productReference = 72A7C6A418D87AF4007FF58B /* EpicRunner.app */;
			productType = "com.apple.product-type.application";
		};
		72A7C6BE18D87AF4007FF58B /* EpicRunnerTests */ = {
			isa = PBXNativeTarget;
			buildConfigurationList = 72A7C6D318D87AF4007FF58B /* Build configuration list for PBXNativeTarget "EpicRunnerTests" */;
			buildPhases = (
				72A7C6BB18D87AF4007FF58B /* Sources */,
				72A7C6BC18D87AF4007FF58B /* Frameworks */,
				72A7C6BD18D87AF4007FF58B /* Resources */,
			);
			buildRules = (
			);
			dependencies = (
				72A7C6C518D87AF4007FF58B /* PBXTargetDependency */,
				721AF6C0197466930084E0D1 /* PBXTargetDependency */,
				721AF6C2197466930084E0D1 /* PBXTargetDependency */,
			);
			name = EpicRunnerTests;
			productName = EpicRunnerTests;
			productReference = 72A7C6BF18D87AF4007FF58B /* EpicRunnerTests.xctest */;
			productType = "com.apple.product-type.bundle.unit-test";
		};
/* End PBXNativeTarget section */

/* Begin PBXProject section */
		72A7C69C18D87AF4007FF58B /* Project object */ = {
			isa = PBXProject;
			attributes = {
				LastUpgradeCheck = 0510;
				ORGANIZATIONNAME = "Pandisign ApS";
				TargetAttributes = {
					72A7C6A318D87AF4007FF58B = {
						DevelopmentTeam = 2EMWMVBQNQ;
					};
					72A7C6BE18D87AF4007FF58B = {
						TestTargetID = 72A7C6A318D87AF4007FF58B;
					};
				};
			};
			buildConfigurationList = 72A7C69F18D87AF4007FF58B /* Build configuration list for PBXProject "EpicRunner" */;
			compatibilityVersion = "Xcode 3.2";
			developmentRegion = English;
			hasScannedForEncodings = 0;
			knownRegions = (
				en,
			);
			mainGroup = 72A7C69B18D87AF3007FF58B;
			productRefGroup = 72A7C6A518D87AF4007FF58B /* Products */;
			projectDirPath = "";
			projectRoot = "";
			targets = (
				72A7C6A318D87AF4007FF58B /* EpicRunner */,
				72A7C6BE18D87AF4007FF58B /* EpicRunnerTests */,
			);
		};
/* End PBXProject section */

/* Begin PBXResourcesBuildPhase section */
		72A7C6A218D87AF4007FF58B /* Resources */ = {
			isa = PBXResourcesBuildPhase;
			buildActionMask = 2147483647;
			files = (
				7242528A1A0CFECE00E99033 /* orange_pin@2x.png in Resources */,
				72A67F531A28C8CD009DCA77 /* medal_silver.png in Resources */,
				727B155C1A693BF200701A22 /* separatorLine@2.png in Resources */,
				72A7C6D718D87EE8007FF58B /* Main.storyboard in Resources */,
				720CE24519110C0A00D1FA43 /* README.txt in Resources */,
				72A67F521A28C8CD009DCA77 /* medal_bronze.png in Resources */,
				72DF246E197BCAE600F9A96B /* README_SQLiteDB.txt in Resources */,
				724252931A0D035100E99033 /* home_pin@2x.png in Resources */,
				72A7C6B218D87AF4007FF58B /* InfoPlist.strings in Resources */,
				72A67F551A28C8CD009DCA77 /* medal_gold.png in Resources */,
				727B155B1A693BF200701A22 /* separatorLine.png in Resources */,
				724252901A0D035100E99033 /* green_pin.png in Resources */,
				7275AE531902DDFB00D81950 /* reveal-icon@2x.png in Resources */,
				72B4FCE51906F4D2002AE72C /* sample-3d-model.jpg in Resources */,
				72B4FCEA1906FA1E002AE72C /* 213423__taira-komori__coin05.mp3 in Resources */,
				7275AE491902BD8C00D81950 /* README_SWRVC.txt in Resources */,
				724252911A0D035100E99033 /* green_pin@2x.png in Resources */,
				7242528B1A0CFECE00E99033 /* orange_pin.png in Resources */,
				720CE24919112BA900D1FA43 /* player2_dot.png in Resources */,
				72302C631A7034BD007980FE /* medal_none.png in Resources */,
				72A7C6BA18D87AF4007FF58B /* Images.xcassets in Resources */,
				72A67F541A28C8CD009DCA77 /* lock.png in Resources */,
				724252921A0D035100E99033 /* home_pin.png in Resources */,
				7275AE521902DDFB00D81950 /* reveal-icon.png in Resources */,
			);
			runOnlyForDeploymentPostprocessing = 0;
		};
		72A7C6BD18D87AF4007FF58B /* Resources */ = {
			isa = PBXResourcesBuildPhase;
			buildActionMask = 2147483647;
			files = (
				72A7C6CB18D87AF4007FF58B /* InfoPlist.strings in Resources */,
			);
			runOnlyForDeploymentPostprocessing = 0;
		};
/* End PBXResourcesBuildPhase section */

/* Begin PBXSourcesBuildPhase section */
		72A7C6A018D87AF4007FF58B /* Sources */ = {
			isa = PBXSourcesBuildPhase;
			buildActionMask = 2147483647;
			files = (
				721AF6C519755AB20084E0D1 /* Run.swift in Sources */,
				72A79B7D19813BD80054ADC0 /* RunScreenViewController.swift in Sources */,
				720CE24C1923BC0F00D1FA43 /* OnePLocationRunViewController.m.old in Sources */,
				72F1EBF419BE0CC800DB0DE1 /* LoginViewController.swift in Sources */,
				7244D50F197BF6D10034D91F /* RunFinishedSummaryViewControllerSwift.swift in Sources */,
				729FE79F1A600BCB00833747 /* RunScreenContainerIntervalViewController.swift in Sources */,
				72AA3A3419D9C9E300179DA8 /* HelperFunctions.swift in Sources */,
				72DF243A197BC45B00F9A96B /* MainScreenViewController.swift in Sources */,
				72A5816E1A1D0CA700FC6926 /* String-Extras.swift in Sources */,
				72DF2470197BCB4B00F9A96B /* SQLiteDB.old.swift.h.old in Sources */,
				72CD37BA19C7676C0049AD4E /* MenuViewController.m in Sources */,
				72CD37BD19C768520049AD4E /* SWRevealViewController.m in Sources */,
				7215A81F19FAB69C0041751B /* RunScreenContainerLeftViewController.swift in Sources */,
				72DF246B197BC7C400F9A96B /* AppDelegate.swift in Sources */,
				721AF6CB19757A750084E0D1 /* RunSelectorItemView.swift in Sources */,
				72BD3D3C19E7FECC00AEAC11 /* GenerateRunViewController.swift in Sources */,
				723A50F919CC6B5F00B443BF /* MissionDVViewController.swift in Sources */,
				72A67F431A288E80009DCA77 /* modalMedalViewController.swift in Sources */,
				7244D50B197BF6700034D91F /* DemoSelectorViewControllerSwift.swift in Sources */,
				720CE24319110BE900D1FA43 /* NSDictionary_JSONExtensions.m in Sources */,
				720CE24119110BE900D1FA43 /* CJSONDeserializer.m in Sources */,
				7215A81A19FA77B20041751B /* RunScreenContainerRightViewController.swift in Sources */,
				72E328661A161C5E0075E2DC /* SQLiteDB.swift in Sources */,
				7244D509197BF6390034D91F /* DetailViewViewControllerSwift.swift in Sources */,
				72A67F4B1A28A590009DCA77 /* modalLeagueViewController.swift in Sources */,
				72F1EBF619BE1D1600DB0DE1 /* SignUpViewController.swift in Sources */,
				721AF6C9197569600084E0D1 /* RunSelectorViewControllerSwift.swift in Sources */,
				72DF2438197AED7800F9A96B /* MenuViewController.swift in Sources */,
				7224EEDE19F57E98005E701E /* RunScreenContainerViewController.swift in Sources */,
				7244D511197BF74C0034D91F /* HistoryTableViewControllerSwift.swift in Sources */,
				720CE24219110BE900D1FA43 /* CJSONSerializer.m in Sources */,
				7244D50D197BF6860034D91F /* OnePLocationRunViewControllerSwift.swift in Sources */,
			);
			runOnlyForDeploymentPostprocessing = 0;
		};
		72A7C6BB18D87AF4007FF58B /* Sources */ = {
			isa = PBXSourcesBuildPhase;
			buildActionMask = 2147483647;
			files = (
				72A7C6CD18D87AF4007FF58B /* EpicRunnerTests.m in Sources */,
			);
			runOnlyForDeploymentPostprocessing = 0;
		};
/* End PBXSourcesBuildPhase section */

/* Begin PBXTargetDependency section */
		721AF6C0197466930084E0D1 /* PBXTargetDependency */ = {
			isa = PBXTargetDependency;
			target = 72A7C6A318D87AF4007FF58B /* EpicRunner */;
			targetProxy = 721AF6BF197466930084E0D1 /* PBXContainerItemProxy */;
		};
		721AF6C2197466930084E0D1 /* PBXTargetDependency */ = {
			isa = PBXTargetDependency;
			target = 72A7C6A318D87AF4007FF58B /* EpicRunner */;
			targetProxy = 721AF6C1197466930084E0D1 /* PBXContainerItemProxy */;
		};
		72A7C6C518D87AF4007FF58B /* PBXTargetDependency */ = {
			isa = PBXTargetDependency;
			target = 72A7C6A318D87AF4007FF58B /* EpicRunner */;
			targetProxy = 72A7C6C418D87AF4007FF58B /* PBXContainerItemProxy */;
		};
/* End PBXTargetDependency section */

/* Begin PBXVariantGroup section */
		72A7C6B018D87AF4007FF58B /* InfoPlist.strings */ = {
			isa = PBXVariantGroup;
			children = (
				72A7C6B118D87AF4007FF58B /* en */,
			);
			name = InfoPlist.strings;
			sourceTree = "<group>";
		};
		72A7C6C918D87AF4007FF58B /* InfoPlist.strings */ = {
			isa = PBXVariantGroup;
			children = (
				72A7C6CA18D87AF4007FF58B /* en */,
			);
			name = InfoPlist.strings;
			sourceTree = "<group>";
		};
/* End PBXVariantGroup section */

/* Begin XCBuildConfiguration section */
		72A7C6CE18D87AF4007FF58B /* Debug */ = {
			isa = XCBuildConfiguration;
			buildSettings = {
				ALWAYS_SEARCH_USER_PATHS = NO;
				CLANG_CXX_LANGUAGE_STANDARD = "gnu++0x";
				CLANG_CXX_LIBRARY = "libc++";
				CLANG_ENABLE_MODULES = YES;
				CLANG_ENABLE_OBJC_ARC = YES;
				CLANG_WARN_BOOL_CONVERSION = YES;
				CLANG_WARN_CONSTANT_CONVERSION = YES;
				CLANG_WARN_DIRECT_OBJC_ISA_USAGE = YES_ERROR;
				CLANG_WARN_EMPTY_BODY = YES;
				CLANG_WARN_ENUM_CONVERSION = YES;
				CLANG_WARN_INT_CONVERSION = YES;
				CLANG_WARN_OBJC_ROOT_CLASS = YES_ERROR;
				CLANG_WARN__DUPLICATE_METHOD_MATCH = YES;
				"CODE_SIGN_IDENTITY[sdk=iphoneos*]" = "iPhone Developer";
				COPY_PHASE_STRIP = NO;
				DEFINES_MODULE = YES;
				GCC_C_LANGUAGE_STANDARD = gnu99;
				GCC_DYNAMIC_NO_PIC = NO;
				GCC_OPTIMIZATION_LEVEL = 0;
				GCC_PREPROCESSOR_DEFINITIONS = (
					"DEBUG=1",
					"$(inherited)",
				);
				GCC_SYMBOLS_PRIVATE_EXTERN = NO;
				GCC_WARN_64_TO_32_BIT_CONVERSION = YES;
				GCC_WARN_ABOUT_RETURN_TYPE = YES_ERROR;
				GCC_WARN_UNDECLARED_SELECTOR = YES;
				GCC_WARN_UNINITIALIZED_AUTOS = YES_AGGRESSIVE;
				GCC_WARN_UNUSED_FUNCTION = YES;
				GCC_WARN_UNUSED_VARIABLE = YES;
				IPHONEOS_DEPLOYMENT_TARGET = 7.0;
				ONLY_ACTIVE_ARCH = YES;
				SDKROOT = iphoneos;
				TARGETED_DEVICE_FAMILY = 1;
			};
			name = Debug;
		};
		72A7C6CF18D87AF4007FF58B /* Release */ = {
			isa = XCBuildConfiguration;
			buildSettings = {
				ALWAYS_SEARCH_USER_PATHS = NO;
				CLANG_CXX_LANGUAGE_STANDARD = "gnu++0x";
				CLANG_CXX_LIBRARY = "libc++";
				CLANG_ENABLE_MODULES = YES;
				CLANG_ENABLE_OBJC_ARC = YES;
				CLANG_WARN_BOOL_CONVERSION = YES;
				CLANG_WARN_CONSTANT_CONVERSION = YES;
				CLANG_WARN_DIRECT_OBJC_ISA_USAGE = YES_ERROR;
				CLANG_WARN_EMPTY_BODY = YES;
				CLANG_WARN_ENUM_CONVERSION = YES;
				CLANG_WARN_INT_CONVERSION = YES;
				CLANG_WARN_OBJC_ROOT_CLASS = YES_ERROR;
				CLANG_WARN__DUPLICATE_METHOD_MATCH = YES;
				"CODE_SIGN_IDENTITY[sdk=iphoneos*]" = "iPhone Developer";
				COPY_PHASE_STRIP = YES;
				DEFINES_MODULE = YES;
				ENABLE_NS_ASSERTIONS = NO;
				GCC_C_LANGUAGE_STANDARD = gnu99;
				GCC_WARN_64_TO_32_BIT_CONVERSION = YES;
				GCC_WARN_ABOUT_RETURN_TYPE = YES_ERROR;
				GCC_WARN_UNDECLARED_SELECTOR = YES;
				GCC_WARN_UNINITIALIZED_AUTOS = YES_AGGRESSIVE;
				GCC_WARN_UNUSED_FUNCTION = YES;
				GCC_WARN_UNUSED_VARIABLE = YES;
				IPHONEOS_DEPLOYMENT_TARGET = 7.0;
				SDKROOT = iphoneos;
				TARGETED_DEVICE_FAMILY = 1;
				VALIDATE_PRODUCT = YES;
			};
			name = Release;
		};
		72A7C6D118D87AF4007FF58B /* Debug */ = {
			isa = XCBuildConfiguration;
			buildSettings = {
				ASSETCATALOG_COMPILER_APPICON_NAME = AppIcon;
				ASSETCATALOG_COMPILER_LAUNCHIMAGE_NAME = LaunchImage;
				CLANG_ENABLE_MODULES = YES;
				CODE_SIGN_IDENTITY = "iPhone Developer";
				"CODE_SIGN_IDENTITY[sdk=iphoneos*]" = "iPhone Developer";
				GCC_PRECOMPILE_PREFIX_HEADER = YES;
				GCC_PREFIX_HEADER = "EpicRunner/EpicRunner-Prefix.pch";
				INFOPLIST_FILE = "EpicRunner/EpicRunner-Info.plist";
				IPHONEOS_DEPLOYMENT_TARGET = 7.0;
				LD_RUNPATH_SEARCH_PATHS = "$(inherited) @executable_path/Frameworks";
				PRODUCT_NAME = "$(TARGET_NAME)";
				PROVISIONING_PROFILE = "";
				SWIFT_OBJC_BRIDGING_HEADER = "EpicRunner/EpicRunner-Bridging-Header.h";
				SWIFT_OPTIMIZATION_LEVEL = "-Onone";
				TARGETED_DEVICE_FAMILY = 1;
				WRAPPER_EXTENSION = app;
			};
			name = Debug;
		};
		72A7C6D218D87AF4007FF58B /* Release */ = {
			isa = XCBuildConfiguration;
			buildSettings = {
				ASSETCATALOG_COMPILER_APPICON_NAME = AppIcon;
				ASSETCATALOG_COMPILER_LAUNCHIMAGE_NAME = LaunchImage;
				CLANG_ENABLE_MODULES = YES;
				CODE_SIGN_IDENTITY = "iPhone Developer";
				"CODE_SIGN_IDENTITY[sdk=iphoneos*]" = "iPhone Developer";
				GCC_PRECOMPILE_PREFIX_HEADER = YES;
				GCC_PREFIX_HEADER = "EpicRunner/EpicRunner-Prefix.pch";
				INFOPLIST_FILE = "EpicRunner/EpicRunner-Info.plist";
				IPHONEOS_DEPLOYMENT_TARGET = 7.0;
				LD_RUNPATH_SEARCH_PATHS = "$(inherited) @executable_path/Frameworks";
				PRODUCT_NAME = "$(TARGET_NAME)";
				PROVISIONING_PROFILE = "";
				SWIFT_OBJC_BRIDGING_HEADER = "EpicRunner/EpicRunner-Bridging-Header.h";
				TARGETED_DEVICE_FAMILY = 1;
				WRAPPER_EXTENSION = app;
			};
			name = Release;
		};
		72A7C6D418D87AF4007FF58B /* Debug */ = {
			isa = XCBuildConfiguration;
			buildSettings = {
				BUNDLE_LOADER = "$(BUILT_PRODUCTS_DIR)/EpicRunner.app/EpicRunner";
				FRAMEWORK_SEARCH_PATHS = (
					"$(SDKROOT)/Developer/Library/Frameworks",
					"$(inherited)",
					"$(DEVELOPER_FRAMEWORKS_DIR)",
				);
				GCC_PRECOMPILE_PREFIX_HEADER = YES;
				GCC_PREFIX_HEADER = "EpicRunner/EpicRunner-Prefix.pch";
				GCC_PREPROCESSOR_DEFINITIONS = (
					"DEBUG=1",
					"$(inherited)",
				);
				INFOPLIST_FILE = "EpicRunnerTests/EpicRunnerTests-Info.plist";
				PRODUCT_NAME = "$(TARGET_NAME)";
				TEST_HOST = "$(BUNDLE_LOADER)";
				WRAPPER_EXTENSION = xctest;
			};
			name = Debug;
		};
		72A7C6D518D87AF4007FF58B /* Release */ = {
			isa = XCBuildConfiguration;
			buildSettings = {
				BUNDLE_LOADER = "$(BUILT_PRODUCTS_DIR)/EpicRunner.app/EpicRunner";
				FRAMEWORK_SEARCH_PATHS = (
					"$(SDKROOT)/Developer/Library/Frameworks",
					"$(inherited)",
					"$(DEVELOPER_FRAMEWORKS_DIR)",
				);
				GCC_PRECOMPILE_PREFIX_HEADER = YES;
				GCC_PREFIX_HEADER = "EpicRunner/EpicRunner-Prefix.pch";
				INFOPLIST_FILE = "EpicRunnerTests/EpicRunnerTests-Info.plist";
				PRODUCT_NAME = "$(TARGET_NAME)";
				TEST_HOST = "$(BUNDLE_LOADER)";
				WRAPPER_EXTENSION = xctest;
			};
			name = Release;
		};
/* End XCBuildConfiguration section */

/* Begin XCConfigurationList section */
		72A7C69F18D87AF4007FF58B /* Build configuration list for PBXProject "EpicRunner" */ = {
			isa = XCConfigurationList;
			buildConfigurations = (
				72A7C6CE18D87AF4007FF58B /* Debug */,
				72A7C6CF18D87AF4007FF58B /* Release */,
			);
			defaultConfigurationIsVisible = 0;
			defaultConfigurationName = Release;
		};
		72A7C6D018D87AF4007FF58B /* Build configuration list for PBXNativeTarget "EpicRunner" */ = {
			isa = XCConfigurationList;
			buildConfigurations = (
				72A7C6D118D87AF4007FF58B /* Debug */,
				72A7C6D218D87AF4007FF58B /* Release */,
			);
			defaultConfigurationIsVisible = 0;
			defaultConfigurationName = Release;
		};
		72A7C6D318D87AF4007FF58B /* Build configuration list for PBXNativeTarget "EpicRunnerTests" */ = {
			isa = XCConfigurationList;
			buildConfigurations = (
				72A7C6D418D87AF4007FF58B /* Debug */,
				72A7C6D518D87AF4007FF58B /* Release */,
			);
			defaultConfigurationIsVisible = 0;
			defaultConfigurationName = Release;
		};
/* End XCConfigurationList section */
	};
	rootObject = 72A7C69C18D87AF4007FF58B /* Project object */;
}
